hash: 69d9c30c9c588305861aae5331107710bed2a5451bd890746004f6a5d180c3d1
updated: 2017-09-28T09:22:14.050155-07:00
imports:
- name: github.com/andygrunwald/go-jira
  version: acbc88d59582a4885dbd82fd775caa7c15245171
- name: github.com/asdine/storm
  version: 255212403bcca439778718edf5e2d3d50744eca3
  subpackages:
  - codec
  - codec/json
  - index
  - internal
  - q
- name: github.com/boltdb/bolt
  version: fa5367d20c994db73282594be0146ab221657943
- name: github.com/docopt/docopt-go
  version: 784ddc588536785e7299f7272f39101f7faccc3f
- name: github.com/f2prateek/github-webhook-server
  version: 130bdca318f150c4d5610dba96708b53250b607a
- name: github.com/fatih/color
  version: 570b54cabe6b8eb0bc2dfce68d964677d63b5260
- name: github.com/fatih/structs
  version: 7e5a8eef611ee84dd359503f3969f80df4c50723
- name: github.com/fsnotify/fsnotify
  version: 629574ca2a5df945712d3079857300b5e4da0236
- name: github.com/google/go-github
  version: 511f540f1887d30b88cee4a2fcd1f2922754acf4
  subpackages:
  - github
- name: github.com/google/go-querystring
  version: 53e6ce116135b80d037921a7fdd5138cf32d7a8a
  subpackages:
  - query
- name: github.com/hashicorp/hcl
  version: 68e816d1c783414e79bc65b3994d9ab6b0a722ab
  subpackages:
  - hcl/ast
  - hcl/parser
  - hcl/scanner
  - hcl/strconv
  - hcl/token
  - json/parser
  - json/scanner
  - json/token
- name: github.com/jinzhu/gorm
  version: 5174cc5c242a728b435ea2be8a2f7f998e15429b
  subpackages:
  - dialects/postgres
- name: github.com/jinzhu/inflection
  version: 1c35d901db3da928c72a72d8458480cc9ade058f
- name: github.com/lib/pq
  version: b77235e3890a962fe8a6f8c4c7198679ca7814e7
  subpackages:
  - hstore
  - oid
- name: github.com/magiconair/properties
  version: 8d7837e64d3c1ee4e54a880c5a920ab4316fc90a
- name: github.com/mattn/go-colorable
  version: 5411d3eea5978e6cdc258b30de592b60df6aba96
  repo: https://github.com/mattn/go-colorable
- name: github.com/mattn/go-isatty
  version: 57fdcb988a5c543893cc61bce354a6e24ab70022
  repo: https://github.com/mattn/go-isatty
- name: github.com/mgutz/ansi
  version: 9520e82c474b0a04dd04f8a40959027271bab992
- name: github.com/mitchellh/mapstructure
  version: d0303fe809921458f417bcf828397a65db30a7e4
- name: github.com/nlopes/slack
  version: c86337c0ef2486a15edd804355d9c73d2f2caed1
- name: github.com/pelletier/go-toml
  version: 16398bac157da96aa88f98a2df640c7f32af1da2
- name: github.com/sirupsen/logrus
  version: f006c2ac4710855cf0f916dd6b77acf6b048dc6e
- name: github.com/spf13/afero
  version: ee1bd8ee15a1306d1f9201acc41ef39cd9f99a1b
  subpackages:
  - mem
- name: github.com/spf13/cast
  version: acbeb36b902d72a7a4c18e8f3241075e7ab763e4
- name: github.com/spf13/jwalterweatherman
  version: 12bd96e66386c1960ab0f74ced1362f66f552f7b
- name: github.com/spf13/pflag
  version: 7aff26db30c1be810f9de5038ec5ef96ac41fd7c
- name: github.com/spf13/viper
  version: 25b30aa063fc18e48662b86996252eabdcf2f0c7
- name: github.com/trivago/tgo
  version: e4d1ddd28c17dd89ed26327cf69fded22060671b
  subpackages:
  - tcontainer
  - treflect
- name: github.com/x-cray/logrus-prefixed-formatter
  version: bb2702d423886830dee131692131d35648c382e2
- name: golang.org/x/crypto
  version: 76eec36fa14229c4b25bb894c2d0e591527af429
  subpackages:
  - ssh/terminal
- name: golang.org/x/net
  version: 0a9397675ba34b2845f758fe3cd68828369c6517
  subpackages:
  - websocket
- name: golang.org/x/sys
  version: e24f485414aeafb646f6fca458b0bf869c0880a1
  repo: https://go.googlesource.com/sys
  subpackages:
  - unix
  - windows
- name: golang.org/x/text
  version: 1cbadb444a806fd9430d14ad08967ed91da4fa0a
  subpackages:
  - transform
  - unicode/norm
- name: gopkg.in/yaml.v2
  version: eb3733d160e74a9c7e442f435eb3bea458e1d19f
testImports: []
